<?xml version="1.0" encoding="utf-8"?>
<Project ToolsVersion="4.0" xmlns="http://schemas.microsoft.com/developer/msbuild/2003">
  <ItemGroup>
    <Filter Include="Source Files">
      <UniqueIdentifier>{4FC737F1-C7A5-4376-A066-2A32D752A2FF}</UniqueIdentifier>
      <Extensions>cpp;c;cc;cxx;c++;cppm;ixx;def;odl;idl;hpj;bat;asm;asmx</Extensions>
    </Filter>
    <Filter Include="Header Files">
      <UniqueIdentifier>{93995380-89BD-4b04-88EB-625FBE52EBFB}</UniqueIdentifier>
      <Extensions>h;hh;hpp;hxx;h++;hm;inl;inc;ipp;xsd</Extensions>
    </Filter>
    <Filter Include="Resource Files">
      <UniqueIdentifier>{67DA6AB6-F800-4c08-8B7A-83BB121AAD01}</UniqueIdentifier>
      <Extensions>rc;ico;cur;bmp;dlg;rc2;rct;bin;rgs;gif;jpg;jpeg;jpe;resx;tiff;tif;png;wav;mfcribbon-ms</Extensions>
    </Filter>
    <Filter Include="A-Star">
      <UniqueIdentifier>{f40af7a9-a315-4b39-8e3a-b70384e79470}</UniqueIdentifier>
    </Filter>
    <Filter Include="all-in-one-package">
      <UniqueIdentifier>{7cdc15d7-9e15-46af-a858-2b8a8ba909f4}</UniqueIdentifier>
    </Filter>
  </ItemGroup>
  <ItemGroup>
    <ClCompile Include="main.cpp">
      <Filter>Source Files</Filter>
    </ClCompile>
    <ClCompile Include="cell.cpp">
      <Filter>Source Files</Filter>
    </ClCompile>
    <ClCompile Include="grid.cpp">
      <Filter>Source Files</Filter>
    </ClCompile>
    <ClCompile Include="build.cpp">
      <Filter>all-in-one-package</Filter>
    </ClCompile>
    <ClCompile Include="Src\prims.cpp">
      <Filter>Source Files</Filter>
    </ClCompile>
  </ItemGroup>
  <ItemGroup>
    <ClInclude Include="utils.h">
      <Filter>Header Files</Filter>
    </ClInclude>
    <ClInclude Include="Headers\cell.h">
      <Filter>Header Files</Filter>
    </ClInclude>
    <ClInclude Include="Headers\config.h">
      <Filter>Header Files</Filter>
    </ClInclude>
    <ClInclude Include="Headers\grid.h">
      <Filter>Header Files</Filter>
    </ClInclude>
    <ClInclude Include="Headers\mazealgo.h">
      <Filter>Header Files</Filter>
    </ClInclude>
    <ClInclude Include="Headers\prims.h">
      <Filter>Header Files</Filter>
    </ClInclude>
    <ClInclude Include="Headers\utils.h">
      <Filter>Header Files</Filter>
    </ClInclude>
    <ClInclude Include="Headers\a-star-functions.h">
      <Filter>A-Star</Filter>
    </ClInclude>
  </ItemGroup>
</Project>